// !$*UTF8*$!
{
	archiveVersion = 1;
	classes = {
	};
	objectVersion = 46;
	objects = {

/* Begin PBXBuildFile section */
		052DC6DB1F2F5644004D7931 /* AppDelegate.swift in Sources */ = {isa = PBXBuildFile; fileRef = 052DC6DA1F2F5644004D7931 /* AppDelegate.swift */; };
		052DC6DD1F2F5644004D7931 /* ViewController.swift in Sources */ = {isa = PBXBuildFile; fileRef = 052DC6DC1F2F5644004D7931 /* ViewController.swift */; };
		052DC6E01F2F5644004D7931 /* Main.storyboard in Resources */ = {isa = PBXBuildFile; fileRef = 052DC6DE1F2F5644004D7931 /* Main.storyboard */; };
		052DC6E21F2F5644004D7931 /* Assets.xcassets in Resources */ = {isa = PBXBuildFile; fileRef = 052DC6E11F2F5644004D7931 /* Assets.xcassets */; };
		052DC6E51F2F5644004D7931 /* LaunchScreen.storyboard in Resources */ = {isa = PBXBuildFile; fileRef = 052DC6E31F2F5644004D7931 /* LaunchScreen.storyboard */; };
		052DC6EF1F2F565B004D7931 /* LICENSE.md in Resources */ = {isa = PBXBuildFile; fileRef = 052DC6ED1F2F565B004D7931 /* LICENSE.md */; };
		052DC6F01F2F565B004D7931 /* AGVideoPlayerView.swift in Sources */ = {isa = PBXBuildFile; fileRef = 052DC6EE1F2F565B004D7931 /* AGVideoPlayerView.swift */; };
		052DC6F21F2F566D004D7931 /* Podfile in Resources */ = {isa = PBXBuildFile; fileRef = 052DC6F11F2F566D004D7931 /* Podfile */; };
		052DC6F41F2F5671004D7931 /* README.md in Sources */ = {isa = PBXBuildFile; fileRef = 052DC6F31F2F5671004D7931 /* README.md */; };
/* End PBXBuildFile section */

/* Begin PBXFileReference section */
		052DC6D71F2F5644004D7931 /* VideoPlayerExample.app */ = {isa = PBXFileReference; explicitFileType = wrapper.application; includeInIndex = 0; path = VideoPlayerExample.app; sourceTree = BUILT_PRODUCTS_DIR; };
		052DC6DA1F2F5644004D7931 /* AppDelegate.swift */ = {isa = PBXFileReference; lastKnownFileType = sourcecode.swift; path = AppDelegate.swift; sourceTree = "<group>"; };
		052DC6DC1F2F5644004D7931 /* ViewController.swift */ = {isa = PBXFileReference; lastKnownFileType = sourcecode.swift; path = ViewController.swift; sourceTree = "<group>"; };
		052DC6DF1F2F5644004D7931 /* Base */ = {isa = PBXFileReference; lastKnownFileType = file.storyboard; name = Base; path = Base.lproj/Main.storyboard; sourceTree = "<group>"; };
		052DC6E11F2F5644004D7931 /* Assets.xcassets */ = {isa = PBXFileReference; lastKnownFileType = folder.assetcatalog; path = Assets.xcassets; sourceTree = "<group>"; };
		052DC6E41F2F5644004D7931 /* Base */ = {isa = PBXFileReference; lastKnownFileType = file.storyboard; name = Base; path = Base.lproj/LaunchScreen.storyboard; sourceTree = "<group>"; };
		052DC6E61F2F5644004D7931 /* Info.plist */ = {isa = PBXFileReference; lastKnownFileType = text.plist.xml; path = Info.plist; sourceTree = "<group>"; };
		052DC6ED1F2F565B004D7931 /* LICENSE.md */ = {isa = PBXFileReference; fileEncoding = 4; lastKnownFileType = net.daringfireball.markdown; path = LICENSE.md; sourceTree = "<group>"; };
		052DC6EE1F2F565B004D7931 /* AGVideoPlayerView.swift */ = {isa = PBXFileReference; fileEncoding = 4; lastKnownFileType = sourcecode.swift; path = AGVideoPlayerView.swift; sourceTree = "<group>"; };
		052DC6F11F2F566D004D7931 /* Podfile */ = {isa = PBXFileReference; fileEncoding = 4; lastKnownFileType = text; path = Podfile; sourceTree = SOURCE_ROOT; xcLanguageSpecificationIdentifier = xcode.lang.ruby; };
		052DC6F31F2F5671004D7931 /* README.md */ = {isa = PBXFileReference; fileEncoding = 4; lastKnownFileType = net.daringfireball.markdown; path = README.md; sourceTree = SOURCE_ROOT; };
/* End PBXFileReference section */

/* Begin PBXFrameworksBuildPhase section */
		052DC6D41F2F5644004D7931 /* Frameworks */ = {
			isa = PBXFrameworksBuildPhase;
			buildActionMask = 2147483647;
			files = (
			);
			runOnlyForDeploymentPostprocessing = 0;
		};
/* End PBXFrameworksBuildPhase section */

/* Begin PBXGroup section */
		052DC6CE1F2F5644004D7931 = {
			isa = PBXGroup;
			children = (
				052DC6D91F2F5644004D7931 /* VideoPlayerExample */,
				052DC6D81F2F5644004D7931 /* Products */,
			);
			sourceTree = "<group>";
		};
		052DC6D81F2F5644004D7931 /* Products */ = {
			isa = PBXGroup;
			children = (
				052DC6D71F2F5644004D7931 /* VideoPlayerExample.app */,
			);
			name = Products;
			sourceTree = "<group>";
		};
		052DC6D91F2F5644004D7931 /* VideoPlayerExample */ = {
			isa = PBXGroup;
			children = (
				052DC6EC1F2F565B004D7931 /* AGVideoPlayerView */,
				052DC6DA1F2F5644004D7931 /* AppDelegate.swift */,
				052DC6DC1F2F5644004D7931 /* ViewController.swift */,
				052DC6DE1F2F5644004D7931 /* Main.storyboard */,
				052DC6E11F2F5644004D7931 /* Assets.xcassets */,
				052DC6E31F2F5644004D7931 /* LaunchScreen.storyboard */,
				052DC6F11F2F566D004D7931 /* Podfile */,
				052DC6F31F2F5671004D7931 /* README.md */,
				052DC6E61F2F5644004D7931 /* Info.plist */,
			);
			path = VideoPlayerExample;
			sourceTree = "<group>";
		};
		052DC6EC1F2F565B004D7931 /* AGVideoPlayerView */ = {
			isa = PBXGroup;
			children = (
				052DC6ED1F2F565B004D7931 /* LICENSE.md */,
				052DC6EE1F2F565B004D7931 /* AGVideoPlayerView.swift */,
			);
			path = AGVideoPlayerView;
			sourceTree = "<group>";
		};
/* End PBXGroup section */

/* Begin PBXNativeTarget section */
		052DC6D61F2F5644004D7931 /* VideoPlayerExample */ = {
			isa = PBXNativeTarget;
			buildConfigurationList = 052DC6E91F2F5644004D7931 /* Build configuration list for PBXNativeTarget "VideoPlayerExample" */;
			buildPhases = (
				052DC6D31F2F5644004D7931 /* Sources */,
				052DC6D41F2F5644004D7931 /* Frameworks */,
				052DC6D51F2F5644004D7931 /* Resources */,
			);
			buildRules = (
			);
			dependencies = (
			);
			name = VideoPlayerExample;
			productName = VideoPlayerExample;
			productReference = 052DC6D71F2F5644004D7931 /* VideoPlayerExample.app */;
			productType = "com.apple.product-type.application";
		};
/* End PBXNativeTarget section */

/* Begin PBXProject section */
		052DC6CF1F2F5644004D7931 /* Project object */ = {
			isa = PBXProject;
			attributes = {
				LastSwiftUpdateCheck = 0830;
				LastUpgradeCheck = 0830;
				ORGANIZATIONNAME = "Andrey Golovin";
				TargetAttributes = {
					052DC6D61F2F5644004D7931 = {
						CreatedOnToolsVersion = 8.3.3;
						ProvisioningStyle = Automatic;
					};
				};
			};
			buildConfigurationList = 052DC6D21F2F5644004D7931 /* Build configuration list for PBXProject "VideoPlayerExample" */;
			compatibilityVersion = "Xcode 3.2";
			developmentRegion = English;
			hasScannedForEncodings = 0;
			knownRegions = (
				en,
				Base,
			);
			mainGroup = 052DC6CE1F2F5644004D7931;
			productRefGroup = 052DC6D81F2F5644004D7931 /* Products */;
			projectDirPath = "";
			projectRoot = "";
			targets = (
				052DC6D61F2F5644004D7931 /* VideoPlayerExample */,
			);
		};
/* End PBXProject section */

/* Begin PBXResourcesBuildPhase section */
		052DC6D51F2F5644004D7931 /* Resources */ = {
			isa = PBXResourcesBuildPhase;
			buildActionMask = 2147483647;
			files = (
				052DC6F21F2F566D004D7931 /* Podfile in Resources */,
				052DC6E51F2F5644004D7931 /* LaunchScreen.storyboard in Resources */,
				052DC6E21F2F5644004D7931 /* Assets.xcassets in Resources */,
				052DC6EF1F2F565B004D7931 /* LICENSE.md in Resources */,
				052DC6E01F2F5644004D7931 /* Main.storyboard in Resources */,
			);
			runOnlyForDeploymentPostprocessing = 0;
		};
/* End PBXResourcesBuildPhase section */

/* Begin PBXSourcesBuildPhase section */
		052DC6D31F2F5644004D7931 /* Sources */ = {
			isa = PBXSourcesBuildPhase;
			buildActionMask = 2147483647;
			files = (
				052DC6DD1F2F5644004D7931 /* ViewController.swift in Sources */,
				052DC6DB1F2F5644004D7931 /* AppDelegate.swift in Sources */,
				052DC6F41F2F5671004D7931 /* README.md in Sources */,
				052DC6F01F2F565B004D7931 /* AGVideoPlayerView.swift in Sources */,
			);
			runOnlyForDeploymentPostprocessing = 0;
		};
/* End PBXSourcesBuildPhase section */

/* Begin PBXVariantGroup section */
		052DC6DE1F2F5644004D7931 /* Main.storyboard */ = {
			isa = PBXVariantGroup;
			children = (
				052DC6DF1F2F5644004D7931 /* Base */,
			);
			name = Main.storyboard;
			sourceTree = "<group>";
		};
		052DC6E31F2F5644004D7931 /* LaunchScreen.storyboard */ = {
			isa = PBXVariantGroup;
			children = (
				052DC6E41F2F5644004D7931 /* Base */,
			);
			name = LaunchScreen.storyboard;
			sourceTree = "<group>";
		};
/* End PBXVariantGroup section */

/* Begin XCBuildConfiguration section */
		052DC6E71F2F5644004D7931 /* Debug */ = {
			isa = XCBuildConfiguration;
			buildSettings = {
				ALWAYS_SEARCH_USER_PATHS = NO;
				CLANG_ANALYZER_NONNULL = YES;
				CLANG_ANALYZER_NUMBER_OBJECT_CONVERSION = YES_AGGRESSIVE;
				CLANG_CXX_LANGUAGE_STANDARD = "gnu++0x";
				CLANG_CXX_LIBRARY = "libc++";
				CLANG_ENABLE_MODULES = YES;
				CLANG_ENABLE_OBJC_ARC = YES;
				CLANG_WARN_BOOL_CONVERSION = YES;
				CLANG_WARN_CONSTANT_CONVERSION = YES;
				CLANG_WARN_DIRECT_OBJC_ISA_USAGE = YES_ERROR;
				CLANG_WARN_DOCUMENTATION_COMMENTS = YES;
				CLANG_WARN_EMPTY_BODY = YES;
				CLANG_WARN_ENUM_CONVERSION = YES;
				CLANG_WARN_INFINITE_RECURSION = YES;
				CLANG_WARN_INT_CONVERSION = YES;
				CLANG_WARN_OBJC_ROOT_CLASS = YES_ERROR;
				CLANG_WARN_SUSPICIOUS_MOVE = YES;
				CLANG_WARN_UNREACHABLE_CODE = YES;
				CLANG_WARN__DUPLICATE_METHOD_MATCH = YES;
				"CODE_SIGN_IDENTITY[sdk=iphoneos*]" = "iPhone Developer";
				COPY_PHASE_STRIP = NO;
				DEBUG_INFORMATION_FORMAT = dwarf;
				ENABLE_STRICT_OBJC_MSGSEND = YES;
				ENABLE_TESTABILITY = YES;
				GCC_C_LANGUAGE_STANDARD = gnu99;
				GCC_DYNAMIC_NO_PIC = NO;
				GCC_NO_COMMON_BLOCKS = YES;
				GCC_OPTIMIZATION_LEVEL = 0;
				GCC_PREPROCESSOR_DEFINITIONS = (
					"DEBUG=1",
					"$(inherited)",
				);
				GCC_WARN_64_TO_32_BIT_CONVERSION = YES;
				GCC_WARN_ABOUT_RETURN_TYPE = YES_ERROR;
				GCC_WARN_UNDECLARED_SELECTOR = YES;
				GCC_WARN_UNINITIALIZED_AUTOS = YES_AGGRESSIVE;
				GCC_WARN_UNUSED_FUNCTION = YES;
				GCC_WARN_UNUSED_VARIABLE = YES;
				IPHONEOS_DEPLOYMENT_TARGET = 10.3;
				MTL_ENABLE_DEBUG_INFO = YES;
				ONLY_ACTIVE_ARCH = YES;
				SDKROOT = iphoneos;
				SWIFT_ACTIVE_COMPILATION_CONDITIONS = DEBUG;
				SWIFT_OPTIMIZATION_LEVEL = "-Onone";
			};
			name = Debug;
		};
		052DC6E81F2F5644004D7931 /* Release */ = {
			isa = XCBuildConfiguration;
			buildSettings = {
				ALWAYS_SEARCH_USER_PATHS = NO;
				CLANG_ANALYZER_NONNULL = YES;
				CLANG_ANALYZER_NUMBER_OBJECT_CONVERSION = YES_AGGRESSIVE;
				CLANG_CXX_LANGUAGE_STANDARD = "gnu++0x";
				CLANG_CXX_LIBRARY = "libc++";
				CLANG_ENABLE_MODULES = YES;
				CLANG_ENABLE_OBJC_ARC = YES;
				CLANG_WARN_BOOL_CONVERSION = YES;
				CLANG_WARN_CONSTANT_CONVERSION = YES;
				CLANG_WARN_DIRECT_OBJC_ISA_USAGE = YES_ERROR;
				CLANG_WARN_DOCUMENTATION_COMMENTS = YES;
				CLANG_WARN_EMPTY_BODY = YES;
				CLANG_WARN_ENUM_CONVERSION = YES;
				CLANG_WARN_INFINITE_RECURSION = YES;
				CLANG_WARN_INT_CONVERSION = YES;
				CLANG_WARN_OBJC_ROOT_CLASS = YES_ERROR;
				CLANG_WARN_SUSPICIOUS_MOVE = YES;
				CLANG_WARN_UNREACHABLE_CODE = YES;
				CLANG_WARN__DUPLICATE_METHOD_MATCH = YES;
				"CODE_SIGN_IDENTITY[sdk=iphoneos*]" = "iPhone Developer";
				COPY_PHASE_STRIP = NO;
				DEBUG_INFORMATION_FORMAT = "dwarf-with-dsym";
				ENABLE_NS_ASSERTIONS = NO;
				ENABLE_STRICT_OBJC_MSGSEND = YES;
				GCC_C_LANGUAGE_STANDARD = gnu99;
				GCC_NO_COMMON_BLOCKS = YES;
				GCC_WARN_64_TO_32_BIT_CONVERSION = YES;
				GCC_WARN_ABOUT_RETURN_TYPE = YES_ERROR;
				GCC_WARN_UNDECLARED_SELECTOR = YES;
				GCC_WARN_UNINITIALIZED_AUTOS = YES_AGGRESSIVE;
				GCC_WARN_UNUSED_FUNCTION = YES;
				GCC_WARN_UNUSED_VARIABLE = YES;
				IPHONEOS_DEPLOYMENT_TARGET = 10.3;
				MTL_ENABLE_DEBUG_INFO = NO;
				SDKROOT = iphoneos;
				SWIFT_OPTIMIZATION_LEVEL = "-Owholemodule";
				VALIDATE_PRODUCT = YES;
			};
			name = Release;
		};
		052DC6EA1F2F5644004D7931 /* Debug */ = {
			isa = XCBuildConfiguration;
			buildSettings = {
				ASSETCATALOG_COMPILER_APPICON_NAME = AppIcon;
				INFOPLIST_FILE = VideoPlayerExample/Info.plist;
				IPHONEOS_DEPLOYMENT_TARGET = 9.0;
				LD_RUNPATH_SEARCH_PATHS = "$(inherited) @executable_path/Frameworks";
				PRODUCT_BUNDLE_IDENTIFIER = AG.VideoPlayerExample;
				PRODUCT_NAME = "$(TARGET_NAME)";
				SWIFT_VERSION = 3.0;
			};
			name = Debug;
		};
		052DC6EB1F2F5644004D7931 /* Release */ = {
			isa = XCBuildConfiguration;
			buildSettings = {
				ASSETCATALOG_COMPILER_APPICON_NAME = AppIcon;
				INFOPLIST_FILE = VideoPlayerExample/Info.plist;
				IPHONEOS_DEPLOYMENT_TARGET = 9.0;
				LD_RUNPATH_SEARCH_PATHS = "$(inherited) @executable_path/Frameworks";
				PRODUCT_BUNDLE_IDENTIFIER = AG.VideoPlayerExample;
				PRODUCT_NAME = "$(TARGET_NAME)";
				SWIFT_VERSION = 3.0;
			};
			name = Release;
		};
/* End XCBuildConfiguration section */

/* Begin XCConfigurationList section */
		052DC6D21F2F5644004D7931 /* Build configuration list for PBXProject "VideoPlayerExample" */ = {
			isa = XCConfigurationList;
			buildConfigurations = (
				052DC6E71F2F5644004D7931 /* Debug */,
				052DC6E81F2F5644004D7931 /* Release */,
			);
			defaultConfigurationIsVisible = 0;
			defaultConfigurationName = Release;
		};
		052DC6E91F2F5644004D7931 /* Build configuration list for PBXNativeTarget "VideoPlayerExample" */ = {
			isa = XCConfigurationList;
			buildConfigurations = (
				052DC6EA1F2F5644004D7931 /* Debug */,
				052DC6EB1F2F5644004D7931 /* Release */,
			);
			defaultConfigurationIsVisible = 0;
			defaultConfigurationName = Release;
		};
/* End XCConfigurationList section */
	};
	rootObject = 052DC6CF1F2F5644004D7931 /* Project object */;
}
